
Microsoft Visual Studio Solution File, Format Version 12.00
# Visual Studio Version 17
VisualStudioVersion = 17.1.32328.378
MinimumVisualStudioVersion = 10.0.40219.1
Project("{9A19103F-16F7-4668-BE54-9A1E7A4F7556}") = "FactoryMethod", "FactoryMethod\FactoryMethod.csproj", "{3774B646-D530-4FE1-AAD0-659DF077082E}"
EndProject
Project("{FAE04EC0-301F-11D3-BF4B-00C04F79EFBC}") = "AsynchronousFactoryMethod", "AsynchronousFactoryMethod\AsynchronousFactoryMethod.csproj", "{C5CBA27F-1E41-4A8D-BC79-16E2B58BF297}"
EndProject
Global
	GlobalSection(SolutionConfigurationPlatforms) = preSolution
		Debug|Any CPU = Debug|Any CPU
		Release|Any CPU = Release|Any CPU
	EndGlobalSection
	GlobalSection(ProjectConfigurationPlatforms) = postSolution
		{3774B646-D530-4FE1-AAD0-659DF077082E}.Debug|Any CPU.ActiveCfg = Debug|Any CPU
		{3774B646-D530-4FE1-AAD0-659DF077082E}.Debug|Any CPU.Build.0 = Debug|Any CPU
		{3774B646-D530-4FE1-AAD0-659DF077082E}.Release|Any CPU.ActiveCfg = Release|Any CPU
		{3774B646-D530-4FE1-AAD0-659DF077082E}.Release|Any CPU.Build.0 = Release|Any CPU
		{C5CBA27F-1E41-4A8D-BC79-16E2B58BF297}.Debug|Any CPU.ActiveCfg = Debug|Any CPU
		{C5CBA27F-1E41-4A8D-BC79-16E2B58BF297}.Debug|Any CPU.Build.0 = Debug|Any CPU
		{C5CBA27F-1E41-4A8D-BC79-16E2B58BF297}.Release|Any CPU.ActiveCfg = Release|Any CPU
		{C5CBA27F-1E41-4A8D-BC79-16E2B58BF297}.Release|Any CPU.Build.0 = Release|Any CPU
	EndGlobalSection
	GlobalSection(SolutionProperties) = preSolution
		HideSolutionNode = FALSE
	EndGlobalSection
	GlobalSection(ExtensibilityGlobals) = postSolution
		SolutionGuid = {7EC1741F-B0DD-4CC5-8B9C-3B5D706F1E9B}
	EndGlobalSection
EndGlobal
