
Microsoft Visual Studio Solution File, Format Version 12.00
# Visual Studio Version 16
VisualStudioVersion = 16.0.31605.320
MinimumVisualStudioVersion = 10.0.40219.1
Project("{FAE04EC0-301F-11D3-BF4B-00C04F79EFBC}") = "Interface-Segregation-Principle", "Interface-Segregation-Principle\Interface-Segregation-Principle.csproj", "{F630850C-B362-4F50-9518-3D1E7BD82549}"
EndProject
Global
	GlobalSection(SolutionConfigurationPlatforms) = preSolution
		Debug|Any CPU = Debug|Any CPU
		Release|Any CPU = Release|Any CPU
	EndGlobalSection
	GlobalSection(ProjectConfigurationPlatforms) = postSolution
		{F630850C-B362-4F50-9518-3D1E7BD82549}.Debug|Any CPU.ActiveCfg = Debug|Any CPU
		{F630850C-B362-4F50-9518-3D1E7BD82549}.Debug|Any CPU.Build.0 = Debug|Any CPU
		{F630850C-B362-4F50-9518-3D1E7BD82549}.Release|Any CPU.ActiveCfg = Release|Any CPU
		{F630850C-B362-4F50-9518-3D1E7BD82549}.Release|Any CPU.Build.0 = Release|Any CPU
	EndGlobalSection
	GlobalSection(SolutionProperties) = preSolution
		HideSolutionNode = FALSE
	EndGlobalSection
	GlobalSection(ExtensibilityGlobals) = postSolution
		SolutionGuid = {0AD5C203-B350-47CF-9F92-8212511C724A}
	EndGlobalSection
EndGlobal
