
Microsoft Visual Studio Solution File, Format Version 12.00
# Visual Studio Version 17
VisualStudioVersion = 17.1.32328.378
MinimumVisualStudioVersion = 10.0.40219.1
Project("{9A19103F-16F7-4668-BE54-9A1E7A4F7556}") = "Proxy", "Proxy\Proxy.csproj", "{9619D3C1-99A3-45C0-9A74-030A2F355AE9}"
EndProject
Project("{9A19103F-16F7-4668-BE54-9A1E7A4F7556}") = "PropertyProxy", "PropertyProxy\PropertyProxy.csproj", "{779DCC6D-8EA8-425C-B77C-9A3169A667C0}"
EndProject
Project("{9A19103F-16F7-4668-BE54-9A1E7A4F7556}") = "ValueProxy", "ValueProxy\ValueProxy.csproj", "{FF35CDEA-DA50-4D0F-AAD6-39FE7CDEBE87}"
EndProject
Project("{FAE04EC0-301F-11D3-BF4B-00C04F79EFBC}") = "CompositeProxySoA_AoS", "CompositeProxySoA_AoS\CompositeProxySoA_AoS.csproj", "{6D4EE675-660A-4E09-A901-DF0C545EC894}"
EndProject
Global
	GlobalSection(SolutionConfigurationPlatforms) = preSolution
		Debug|Any CPU = Debug|Any CPU
		Release|Any CPU = Release|Any CPU
	EndGlobalSection
	GlobalSection(ProjectConfigurationPlatforms) = postSolution
		{9619D3C1-99A3-45C0-9A74-030A2F355AE9}.Debug|Any CPU.ActiveCfg = Debug|Any CPU
		{9619D3C1-99A3-45C0-9A74-030A2F355AE9}.Debug|Any CPU.Build.0 = Debug|Any CPU
		{9619D3C1-99A3-45C0-9A74-030A2F355AE9}.Release|Any CPU.ActiveCfg = Release|Any CPU
		{9619D3C1-99A3-45C0-9A74-030A2F355AE9}.Release|Any CPU.Build.0 = Release|Any CPU
		{779DCC6D-8EA8-425C-B77C-9A3169A667C0}.Debug|Any CPU.ActiveCfg = Debug|Any CPU
		{779DCC6D-8EA8-425C-B77C-9A3169A667C0}.Debug|Any CPU.Build.0 = Debug|Any CPU
		{779DCC6D-8EA8-425C-B77C-9A3169A667C0}.Release|Any CPU.ActiveCfg = Release|Any CPU
		{779DCC6D-8EA8-425C-B77C-9A3169A667C0}.Release|Any CPU.Build.0 = Release|Any CPU
		{FF35CDEA-DA50-4D0F-AAD6-39FE7CDEBE87}.Debug|Any CPU.ActiveCfg = Debug|Any CPU
		{FF35CDEA-DA50-4D0F-AAD6-39FE7CDEBE87}.Debug|Any CPU.Build.0 = Debug|Any CPU
		{FF35CDEA-DA50-4D0F-AAD6-39FE7CDEBE87}.Release|Any CPU.ActiveCfg = Release|Any CPU
		{FF35CDEA-DA50-4D0F-AAD6-39FE7CDEBE87}.Release|Any CPU.Build.0 = Release|Any CPU
		{6D4EE675-660A-4E09-A901-DF0C545EC894}.Debug|Any CPU.ActiveCfg = Debug|Any CPU
		{6D4EE675-660A-4E09-A901-DF0C545EC894}.Debug|Any CPU.Build.0 = Debug|Any CPU
		{6D4EE675-660A-4E09-A901-DF0C545EC894}.Release|Any CPU.ActiveCfg = Release|Any CPU
		{6D4EE675-660A-4E09-A901-DF0C545EC894}.Release|Any CPU.Build.0 = Release|Any CPU
	EndGlobalSection
	GlobalSection(SolutionProperties) = preSolution
		HideSolutionNode = FALSE
	EndGlobalSection
	GlobalSection(ExtensibilityGlobals) = postSolution
		SolutionGuid = {39CC4A6B-91B8-4D8E-BA5B-1C3C1C70C029}
	EndGlobalSection
EndGlobal
