
Microsoft Visual Studio Solution File, Format Version 12.00
# Visual Studio Version 17
VisualStudioVersion = 17.1.32328.378
MinimumVisualStudioVersion = 10.0.40219.1
Project("{9A19103F-16F7-4668-BE54-9A1E7A4F7556}") = "Adapter", "Adapter\Adapter.csproj", "{7C41A2A0-EBD9-4600-92CB-E913C17F4623}"
EndProject
Project("{9A19103F-16F7-4668-BE54-9A1E7A4F7556}") = "AdapterCaching", "AdapterCaching\AdapterCaching.csproj", "{E25025FC-68CF-4BE5-BD86-5B4B7BA15C88}"
EndProject
Project("{9A19103F-16F7-4668-BE54-9A1E7A4F7556}") = "AdapterGenericValue", "AdapterGenericValue\AdapterGenericValue.csproj", "{2FC63EDE-65EF-474F-88AE-6E8D00950A48}"
EndProject
Project("{FAE04EC0-301F-11D3-BF4B-00C04F79EFBC}") = "AdapterDependencyInjection", "AdapterDependencyInjection\AdapterDependencyInjection.csproj", "{F5126E01-412D-415F-8A1D-0447B621F1E8}"
EndProject
Project("{FAE04EC0-301F-11D3-BF4B-00C04F79EFBC}") = "AdapterExercise", "AdapterExercise\AdapterExercise.csproj", "{4BC8FB79-F730-4B3B-98AB-FF5A25F17729}"
EndProject
Global
	GlobalSection(SolutionConfigurationPlatforms) = preSolution
		Debug|Any CPU = Debug|Any CPU
		Release|Any CPU = Release|Any CPU
	EndGlobalSection
	GlobalSection(ProjectConfigurationPlatforms) = postSolution
		{7C41A2A0-EBD9-4600-92CB-E913C17F4623}.Debug|Any CPU.ActiveCfg = Debug|Any CPU
		{7C41A2A0-EBD9-4600-92CB-E913C17F4623}.Debug|Any CPU.Build.0 = Debug|Any CPU
		{7C41A2A0-EBD9-4600-92CB-E913C17F4623}.Release|Any CPU.ActiveCfg = Release|Any CPU
		{7C41A2A0-EBD9-4600-92CB-E913C17F4623}.Release|Any CPU.Build.0 = Release|Any CPU
		{E25025FC-68CF-4BE5-BD86-5B4B7BA15C88}.Debug|Any CPU.ActiveCfg = Debug|Any CPU
		{E25025FC-68CF-4BE5-BD86-5B4B7BA15C88}.Debug|Any CPU.Build.0 = Debug|Any CPU
		{E25025FC-68CF-4BE5-BD86-5B4B7BA15C88}.Release|Any CPU.ActiveCfg = Release|Any CPU
		{E25025FC-68CF-4BE5-BD86-5B4B7BA15C88}.Release|Any CPU.Build.0 = Release|Any CPU
		{2FC63EDE-65EF-474F-88AE-6E8D00950A48}.Debug|Any CPU.ActiveCfg = Debug|Any CPU
		{2FC63EDE-65EF-474F-88AE-6E8D00950A48}.Debug|Any CPU.Build.0 = Debug|Any CPU
		{2FC63EDE-65EF-474F-88AE-6E8D00950A48}.Release|Any CPU.ActiveCfg = Release|Any CPU
		{2FC63EDE-65EF-474F-88AE-6E8D00950A48}.Release|Any CPU.Build.0 = Release|Any CPU
		{F5126E01-412D-415F-8A1D-0447B621F1E8}.Debug|Any CPU.ActiveCfg = Debug|Any CPU
		{F5126E01-412D-415F-8A1D-0447B621F1E8}.Debug|Any CPU.Build.0 = Debug|Any CPU
		{F5126E01-412D-415F-8A1D-0447B621F1E8}.Release|Any CPU.ActiveCfg = Release|Any CPU
		{F5126E01-412D-415F-8A1D-0447B621F1E8}.Release|Any CPU.Build.0 = Release|Any CPU
		{4BC8FB79-F730-4B3B-98AB-FF5A25F17729}.Debug|Any CPU.ActiveCfg = Debug|Any CPU
		{4BC8FB79-F730-4B3B-98AB-FF5A25F17729}.Debug|Any CPU.Build.0 = Debug|Any CPU
		{4BC8FB79-F730-4B3B-98AB-FF5A25F17729}.Release|Any CPU.ActiveCfg = Release|Any CPU
		{4BC8FB79-F730-4B3B-98AB-FF5A25F17729}.Release|Any CPU.Build.0 = Release|Any CPU
	EndGlobalSection
	GlobalSection(SolutionProperties) = preSolution
		HideSolutionNode = FALSE
	EndGlobalSection
	GlobalSection(ExtensibilityGlobals) = postSolution
		SolutionGuid = {10B5F911-3F15-4716-9F91-A7A9DBF3B9CF}
	EndGlobalSection
EndGlobal
